
Microsoft Visual Studio Solution File, Format Version 12.00
# Visual Studio 14
VisualStudioVersion = 14.0.25123.0
MinimumVisualStudioVersion = 10.0.40219.1
Project("{FAE04EC0-301F-11D3-BF4B-00C04F79EFBC}") = "DataProcessing", "DataProcessing\DataProcessing.csproj", "{982D9035-1C3C-4323-80C4-DBDB632C5CFF}"
EndProject
Global
	GlobalSection(SolutionConfigurationPlatforms) = preSolution
		Debug|Any CPU = Debug|Any CPU
		Release|Any CPU = Release|Any CPU
	EndGlobalSection
	GlobalSection(ProjectConfigurationPlatforms) = postSolution
		{982D9035-1C3C-4323-80C4-DBDB632C5CFF}.Debug|Any CPU.ActiveCfg = Debug|Any CPU
		{982D9035-1C3C-4323-80C4-DBDB632C5CFF}.Debug|Any CPU.Build.0 = Debug|Any CPU
		{982D9035-1C3C-4323-80C4-DBDB632C5CFF}.Release|Any CPU.ActiveCfg = Release|Any CPU
		{982D9035-1C3C-4323-80C4-DBDB632C5CFF}.Release|Any CPU.Build.0 = Release|Any CPU
	EndGlobalSection
	GlobalSection(SolutionProperties) = preSolution
		HideSolutionNode = FALSE
	EndGlobalSection
EndGlobal
